
Microsoft Visual Studio Solution File, Format Version 12.00
# Visual Studio Version 16
VisualStudioVersion = 16.0.31729.503
MinimumVisualStudioVersion = 10.0.40219.1
Project("{FAE04EC0-301F-11D3-BF4B-00C04F79EFBC}") = "quanlybanhang", "quanlybanhang\quanlybanhang.csproj", "{ABB874F2-4544-4FFE-95F3-696D23C7C889}"
EndProject
Global
	GlobalSection(SolutionConfigurationPlatforms) = preSolution
		Debug|Any CPU = Debug|Any CPU
		Release|Any CPU = Release|Any CPU
	EndGlobalSection
	GlobalSection(ProjectConfigurationPlatforms) = postSolution
		{ABB874F2-4544-4FFE-95F3-696D23C7C889}.Debug|Any CPU.ActiveCfg = Debug|Any CPU
		{ABB874F2-4544-4FFE-95F3-696D23C7C889}.Debug|Any CPU.Build.0 = Debug|Any CPU
		{ABB874F2-4544-4FFE-95F3-696D23C7C889}.Release|Any CPU.ActiveCfg = Release|Any CPU
		{ABB874F2-4544-4FFE-95F3-696D23C7C889}.Release|Any CPU.Build.0 = Release|Any CPU
	EndGlobalSection
	GlobalSection(SolutionProperties) = preSolution
		HideSolutionNode = FALSE
	EndGlobalSection
	GlobalSection(ExtensibilityGlobals) = postSolution
		SolutionGuid = {1202460B-6AB0-449F-ADF2-101BD1BCD493}
	EndGlobalSection
EndGlobal
